
Microsoft Visual Studio Solution File, Format Version 12.00
# Visual Studio Version 17
VisualStudioVersion = 17.13.35931.197
MinimumVisualStudioVersion = 10.0.40219.1
Project("{FAE04EC0-301F-11D3-BF4B-00C04F79EFBC}") = "Prototype_Tests", "Prototype_Tests\Prototype_Tests.csproj", "{D19219A2-86DE-4892-838A-04E69529D346}"
EndProject
Project("{FAE04EC0-301F-11D3-BF4B-00C04F79EFBC}") = "Prototype", "..\Prototype\Prototype.csproj", "{3C757A3D-A307-70EE-6330-504BB4DC4029}"
EndProject
Global
	GlobalSection(SolutionConfigurationPlatforms) = preSolution
		Debug|Any CPU = Debug|Any CPU
		Release|Any CPU = Release|Any CPU
	EndGlobalSection
	GlobalSection(ProjectConfigurationPlatforms) = postSolution
		{D19219A2-86DE-4892-838A-04E69529D346}.Debug|Any CPU.ActiveCfg = Debug|Any CPU
		{D19219A2-86DE-4892-838A-04E69529D346}.Debug|Any CPU.Build.0 = Debug|Any CPU
		{D19219A2-86DE-4892-838A-04E69529D346}.Release|Any CPU.ActiveCfg = Release|Any CPU
		{D19219A2-86DE-4892-838A-04E69529D346}.Release|Any CPU.Build.0 = Release|Any CPU
		{3C757A3D-A307-70EE-6330-504BB4DC4029}.Debug|Any CPU.ActiveCfg = Debug|Any CPU
		{3C757A3D-A307-70EE-6330-504BB4DC4029}.Debug|Any CPU.Build.0 = Debug|Any CPU
		{3C757A3D-A307-70EE-6330-504BB4DC4029}.Release|Any CPU.ActiveCfg = Release|Any CPU
		{3C757A3D-A307-70EE-6330-504BB4DC4029}.Release|Any CPU.Build.0 = Release|Any CPU
	EndGlobalSection
	GlobalSection(SolutionProperties) = preSolution
		HideSolutionNode = FALSE
	EndGlobalSection
	GlobalSection(ExtensibilityGlobals) = postSolution
		SolutionGuid = {F12EE6BE-CE41-4567-B489-A2509BDF10E3}
	EndGlobalSection
EndGlobal
